
Microsoft Visual Studio Solution File, Format Version 12.00
Project("{FAE04EC0-301F-11D3-BF4B-00C04F79EFBC}") = "cwiczenia7", "cwiczenia7\cwiczenia7.csproj", "{2C2D8592-40D4-4CCF-AC45-97CA90199EEE}"
EndProject
Global
	GlobalSection(SolutionConfigurationPlatforms) = preSolution
		Debug|Any CPU = Debug|Any CPU
		Release|Any CPU = Release|Any CPU
	EndGlobalSection
	GlobalSection(ProjectConfigurationPlatforms) = postSolution
		{2C2D8592-40D4-4CCF-AC45-97CA90199EEE}.Debug|Any CPU.ActiveCfg = Debug|Any CPU
		{2C2D8592-40D4-4CCF-AC45-97CA90199EEE}.Debug|Any CPU.Build.0 = Debug|Any CPU
		{2C2D8592-40D4-4CCF-AC45-97CA90199EEE}.Release|Any CPU.ActiveCfg = Release|Any CPU
		{2C2D8592-40D4-4CCF-AC45-97CA90199EEE}.Release|Any CPU.Build.0 = Release|Any CPU
	EndGlobalSection
EndGlobal
